
Microsoft Visual Studio Solution File, Format Version 12.00
# Visual Studio 15
VisualStudioVersion = 15.0.26621.2
MinimumVisualStudioVersion = 10.0.40219.1
Project("{FAE04EC0-301F-11D3-BF4B-00C04F79EFBC}") = "Hundred.Chronos.WebAPI", "Hundred.Chronos.WebAPI\Hundred.Chronos.WebAPI.csproj", "{36471F32-65A2-4E2D-8835-CB5A4399E82D}"
EndProject
Global
	GlobalSection(SolutionConfigurationPlatforms) = preSolution
		Debug|Any CPU = Debug|Any CPU
		Release|Any CPU = Release|Any CPU
	EndGlobalSection
	GlobalSection(ProjectConfigurationPlatforms) = postSolution
		{36471F32-65A2-4E2D-8835-CB5A4399E82D}.Debug|Any CPU.ActiveCfg = Debug|Any CPU
		{36471F32-65A2-4E2D-8835-CB5A4399E82D}.Debug|Any CPU.Build.0 = Debug|Any CPU
		{36471F32-65A2-4E2D-8835-CB5A4399E82D}.Release|Any CPU.ActiveCfg = Release|Any CPU
		{36471F32-65A2-4E2D-8835-CB5A4399E82D}.Release|Any CPU.Build.0 = Release|Any CPU
	EndGlobalSection
	GlobalSection(SolutionProperties) = preSolution
		HideSolutionNode = FALSE
	EndGlobalSection
	GlobalSection(ExtensibilityGlobals) = postSolution
		SolutionGuid = {B348DAB2-7706-457B-85D2-0CC0A2ACB3E6}
	EndGlobalSection
EndGlobal
